# This file is autogenerated, do not edit; changes may be undone by the next 'dep ensure'.


[[projects]]
  branch = "master"
  digest = "1:60a2f916d8a85af3331d1063e71282a05676089d7867fa441477d71789f904b7"
  name = "github.com/go-gl/gl"
  packages = ["v3.2-core/gl"]
  pruneopts = "UT"
  revision = "68e2537930806bfcee1b92a0e14b4e9b8bb3a3e3"

[[projects]]
  branch = "master"
  digest = "1:7f8b921d7e36badddd22b63156fa09639f74dee0223e3852f1e79a0aa0e6ab75"
  name = "github.com/go-gl/glfw"
  packages = ["v3.2/glfw"]
  pruneopts = "UT"
  revision = "46a8d530c3268b31eeb1310f30fe42be1cae98f2"

[[projects]]
  branch = "master"
  digest = "1:d51a2ba5ca4bf73193d3f311c6d7e28987bc8c135a3e86ffa22dc51df64a57e9"
  name = "github.com/grokify/html-strip-tags-go"
  packages = ["."]
  pruneopts = "UT"
  revision = "3f8856873ce5730282807732a0413fcf7c98cc58"

[[projects]]
  digest = "1:88b5faa05fc018449df44fbf1395f00cadb6a13a940b675384917bc2e35713fd"
  name = "github.com/inkyblackness/imgui-go"
  packages = ["."]
  pruneopts = "UT"
  revision = "8fc94c0dabe3a027073d722b6f37c85bc7f29665"
  version = "v0.1.0"

[solve-meta]
  analyzer-name = "dep"
  analyzer-version = 1
  input-imports = [
    "github.com/go-gl/gl/v3.2-core/gl",
    "github.com/go-gl/glfw/v3.2/glfw",
    "github.com/grokify/html-strip-tags-go",
    "github.com/inkyblackness/imgui-go",
  ]
  solver-name = "gps-cdcl"
  solver-version = 1
